// !$*UTF8*$!
{
	archiveVersion = 1;
	classes = {
	};
	objectVersion = 60;
	objects = {

/* Begin PBXBuildFile section */
		5B00C78F2BAC3C3900F28D71 /* MenuIcon-ILIMI@2x.png in Resources */ = {isa = PBXBuildFile; fileRef = 5B00C78D2BAC3C3900F28D71 /* MenuIcon-ILIMI@2x.png */; };
		5B00C7902BAC3C3900F28D71 /* MenuIcon-ILIMI.png in Resources */ = {isa = PBXBuildFile; fileRef = 5B00C78E2BAC3C3900F28D71 /* MenuIcon-ILIMI.png */; };
		5B0B21702BAAE4B00032E5C8 /* ilimiInstallerApp.swift in Sources */ = {isa = PBXBuildFile; fileRef = 5B0B216F2BAAE4B00032E5C8 /* ilimiInstallerApp.swift */; };
		5B0B21722BAAE4B00032E5C8 /* MainViewImpl.swift in Sources */ = {isa = PBXBuildFile; fileRef = 5B0B21712BAAE4B00032E5C8 /* MainViewImpl.swift */; };
		5B0B21742BAAE4B10032E5C8 /* Assets.xcassets in Resources */ = {isa = PBXBuildFile; fileRef = 5B0B21732BAAE4B10032E5C8 /* Assets.xcassets */; };
		5B0B21772BAAE4B10032E5C8 /* Preview Assets.xcassets in Resources */ = {isa = PBXBuildFile; fileRef = 5B0B21762BAAE4B10032E5C8 /* Preview Assets.xcassets */; };
		5B0B217D2BAAE5800032E5C8 /* RelocationDetector.swift in Sources */ = {isa = PBXBuildFile; fileRef = 5B0B217C2BAAE5800032E5C8 /* RelocationDetector.swift */; };
		5B0B217F2BAAE5DE0032E5C8 /* InstallerShared.swift in Sources */ = {isa = PBXBuildFile; fileRef = 5B0B217E2BAAE5DE0032E5C8 /* InstallerShared.swift */; };
		5B0B21812BAAE5F40032E5C8 /* MainView.swift in Sources */ = {isa = PBXBuildFile; fileRef = 5B0B21802BAAE5F40032E5C8 /* MainView.swift */; };
		5B0B21832BAAE7C60032E5C8 /* ilimi.app in Resources */ = {isa = PBXBuildFile; fileRef = D4FC14CA28C649F70081BCC0 /* ilimi.app */; };
		5B21EC2F2BAAE826009C5A70 /* vChewing_IMKUtils_IlimiImpl in Frameworks */ = {isa = PBXBuildFile; productRef = 5B21EC2E2BAAE826009C5A70 /* vChewing_IMKUtils_IlimiImpl */; };
		5B6F60552BAAD809005E004E /* main.swift in Sources */ = {isa = PBXBuildFile; fileRef = 5B6F60542BAAD809005E004E /* main.swift */; };
		5B9B073A2BAC411D005C0CDF /* InfoPlist.strings in Resources */ = {isa = PBXBuildFile; fileRef = 5B9B07382BAC411D005C0CDF /* InfoPlist.strings */; };
		5BBE16DB2BAAE30B00D06857 /* ilimiMainAssembly in Frameworks */ = {isa = PBXBuildFile; productRef = 5BBE16DA2BAAE30B00D06857 /* ilimiMainAssembly */; };
		5BC0EDB12BAC2F5D00F810D4 /* IlimiKeyboard.keylayout in Resources */ = {isa = PBXBuildFile; fileRef = 5BC0EDB02BAC2F5D00F810D4 /* IlimiKeyboard.keylayout */; };
		5BD3C31C2BAAEB2000CF8AF5 /* Localizable.strings in Resources */ = {isa = PBXBuildFile; fileRef = 5BD3C31A2BAAEB2000CF8AF5 /* Localizable.strings */; };
		5BD3C3252BAAEE8600CF8AF5 /* InfoPlist.strings in Resources */ = {isa = PBXBuildFile; fileRef = 5BD3C3232BAAEE8600CF8AF5 /* InfoPlist.strings */; };
		5BD3C3352BAAF2F400CF8AF5 /* vChewing_IMKUtils_IlimiImpl in Frameworks */ = {isa = PBXBuildFile; productRef = 5BD3C3342BAAF2F400CF8AF5 /* vChewing_IMKUtils_IlimiImpl */; };
		D43B0B412C13468400FB8E6C /* pinyin.bundle in Resources */ = {isa = PBXBuildFile; fileRef = D43B0B402C13468400FB8E6C /* pinyin.bundle */; };
		D4FC14D228C649F80081BCC0 /* Assets.xcassets in Resources */ = {isa = PBXBuildFile; fileRef = D4FC14D128C649F80081BCC0 /* Assets.xcassets */; };
		D4FC14D528C649F80081BCC0 /* Preview Assets.xcassets in Resources */ = {isa = PBXBuildFile; fileRef = D4FC14D428C649F80081BCC0 /* Preview Assets.xcassets */; };
/* End PBXBuildFile section */

/* Begin PBXContainerItemProxy section */
		5B0B21842BAAE7C60032E5C8 /* PBXContainerItemProxy */ = {
			isa = PBXContainerItemProxy;
			containerPortal = D4FC14C228C649F70081BCC0 /* Project object */;
			proxyType = 1;
			remoteGlobalIDString = D4FC14C928C649F70081BCC0;
			remoteInfo = ilimi;
		};
/* End PBXContainerItemProxy section */

/* Begin PBXFileReference section */
		5B00C78D2BAC3C3900F28D71 /* MenuIcon-ILIMI@2x.png */ = {isa = PBXFileReference; lastKnownFileType = image.png; path = "MenuIcon-ILIMI@2x.png"; sourceTree = "<group>"; };
		5B00C78E2BAC3C3900F28D71 /* MenuIcon-ILIMI.png */ = {isa = PBXFileReference; lastKnownFileType = image.png; path = "MenuIcon-ILIMI.png"; sourceTree = "<group>"; };
		5B0B21562BAAE36E0032E5C8 /* vChewing_IMKUtils_IlimiImpl */ = {isa = PBXFileReference; lastKnownFileType = wrapper; path = vChewing_IMKUtils_IlimiImpl; sourceTree = "<group>"; };
		5B0B216D2BAAE4B00032E5C8 /* ilimiInstaller.app */ = {isa = PBXFileReference; explicitFileType = wrapper.application; includeInIndex = 0; path = ilimiInstaller.app; sourceTree = BUILT_PRODUCTS_DIR; };
		5B0B216F2BAAE4B00032E5C8 /* ilimiInstallerApp.swift */ = {isa = PBXFileReference; lastKnownFileType = sourcecode.swift; path = ilimiInstallerApp.swift; sourceTree = "<group>"; };
		5B0B21712BAAE4B00032E5C8 /* MainViewImpl.swift */ = {isa = PBXFileReference; lastKnownFileType = sourcecode.swift; path = MainViewImpl.swift; sourceTree = "<group>"; };
		5B0B21732BAAE4B10032E5C8 /* Assets.xcassets */ = {isa = PBXFileReference; lastKnownFileType = folder.assetcatalog; path = Assets.xcassets; sourceTree = "<group>"; };
		5B0B21762BAAE4B10032E5C8 /* Preview Assets.xcassets */ = {isa = PBXFileReference; lastKnownFileType = folder.assetcatalog; path = "Preview Assets.xcassets"; sourceTree = "<group>"; };
		5B0B21782BAAE4B10032E5C8 /* ilimiInstaller.entitlements */ = {isa = PBXFileReference; lastKnownFileType = text.plist.entitlements; path = ilimiInstaller.entitlements; sourceTree = "<group>"; };
		5B0B217C2BAAE5800032E5C8 /* RelocationDetector.swift */ = {isa = PBXFileReference; lastKnownFileType = sourcecode.swift; path = RelocationDetector.swift; sourceTree = "<group>"; };
		5B0B217E2BAAE5DE0032E5C8 /* InstallerShared.swift */ = {isa = PBXFileReference; lastKnownFileType = sourcecode.swift; path = InstallerShared.swift; sourceTree = "<group>"; };
		5B0B21802BAAE5F40032E5C8 /* MainView.swift */ = {isa = PBXFileReference; lastKnownFileType = sourcecode.swift; path = MainView.swift; sourceTree = "<group>"; };
		5B6F60542BAAD809005E004E /* main.swift */ = {isa = PBXFileReference; lastKnownFileType = sourcecode.swift; path = main.swift; sourceTree = "<group>"; };
		5B9B07392BAC411D005C0CDF /* en */ = {isa = PBXFileReference; lastKnownFileType = text.plist.strings; name = en; path = en.lproj/InfoPlist.strings; sourceTree = "<group>"; };
		5B9B073B2BAC4132005C0CDF /* zh-Hant */ = {isa = PBXFileReference; lastKnownFileType = text.plist.strings; name = "zh-Hant"; path = "zh-Hant.lproj/InfoPlist.strings"; sourceTree = "<group>"; };
		5BBE16D92BAAE2EE00D06857 /* ilimi_MainAssembly */ = {isa = PBXFileReference; lastKnownFileType = wrapper; path = ilimi_MainAssembly; sourceTree = "<group>"; };
		5BC0EDB02BAC2F5D00F810D4 /* IlimiKeyboard.keylayout */ = {isa = PBXFileReference; fileEncoding = 4; lastKnownFileType = text.xml; path = IlimiKeyboard.keylayout; sourceTree = "<group>"; };
		5BD3C31B2BAAEB2000CF8AF5 /* en */ = {isa = PBXFileReference; lastKnownFileType = text.plist.strings; name = en; path = en.lproj/Localizable.strings; sourceTree = "<group>"; };
		5BD3C3202BAAEC6700CF8AF5 /* zh-Hant */ = {isa = PBXFileReference; lastKnownFileType = text.plist.strings; name = "zh-Hant"; path = "zh-Hant.lproj/Localizable.strings"; sourceTree = "<group>"; };
		5BD3C3242BAAEE8600CF8AF5 /* en */ = {isa = PBXFileReference; explicitFileType = text.plist.strings; name = en; path = en.lproj/InfoPlist.strings; sourceTree = "<group>"; };
		5BD3C3262BAAEE8D00CF8AF5 /* zh-Hant */ = {isa = PBXFileReference; lastKnownFileType = text.plist.strings; name = "zh-Hant"; path = "zh-Hant.lproj/InfoPlist.strings"; sourceTree = "<group>"; };
		5BD3C3322BAAF15500CF8AF5 /* Installer-Info.plist */ = {isa = PBXFileReference; lastKnownFileType = text.plist.xml; path = "Installer-Info.plist"; sourceTree = "<group>"; };
		D43B0B402C13468400FB8E6C /* pinyin.bundle */ = {isa = PBXFileReference; lastKnownFileType = "wrapper.plug-in"; path = pinyin.bundle; sourceTree = "<group>"; };
		D4FC14CA28C649F70081BCC0 /* ilimi.app */ = {isa = PBXFileReference; explicitFileType = wrapper.application; includeInIndex = 0; path = ilimi.app; sourceTree = BUILT_PRODUCTS_DIR; };
		D4FC14D128C649F80081BCC0 /* Assets.xcassets */ = {isa = PBXFileReference; lastKnownFileType = folder.assetcatalog; path = Assets.xcassets; sourceTree = "<group>"; };
		D4FC14D428C649F80081BCC0 /* Preview Assets.xcassets */ = {isa = PBXFileReference; lastKnownFileType = folder.assetcatalog; path = "Preview Assets.xcassets"; sourceTree = "<group>"; };
		D4FC14D628C649F80081BCC0 /* ilimi.entitlements */ = {isa = PBXFileReference; lastKnownFileType = text.plist.entitlements; path = ilimi.entitlements; sourceTree = "<group>"; };
		D4FC14E028C64F400081BCC0 /* Info.plist */ = {isa = PBXFileReference; lastKnownFileType = text.plist; path = Info.plist; sourceTree = "<group>"; };
/* End PBXFileReference section */

/* Begin PBXFrameworksBuildPhase section */
		5B0B216A2BAAE4B00032E5C8 /* Frameworks */ = {
			isa = PBXFrameworksBuildPhase;
			buildActionMask = 2147483647;
			files = (
				5B21EC2F2BAAE826009C5A70 /* vChewing_IMKUtils_IlimiImpl in Frameworks */,
			);
			runOnlyForDeploymentPostprocessing = 0;
		};
		D4FC14C728C649F70081BCC0 /* Frameworks */ = {
			isa = PBXFrameworksBuildPhase;
			buildActionMask = 2147483647;
			files = (
				5BD3C3352BAAF2F400CF8AF5 /* vChewing_IMKUtils_IlimiImpl in Frameworks */,
				5BBE16DB2BAAE30B00D06857 /* ilimiMainAssembly in Frameworks */,
			);
			runOnlyForDeploymentPostprocessing = 0;
		};
/* End PBXFrameworksBuildPhase section */

/* Begin PBXGroup section */
		5B00C78A2BAC3C1300F28D71 /* MenuIcons */ = {
			isa = PBXGroup;
			children = (
				5B00C78E2BAC3C3900F28D71 /* MenuIcon-ILIMI.png */,
				5B00C78D2BAC3C3900F28D71 /* MenuIcon-ILIMI@2x.png */,
			);
			path = MenuIcons;
			sourceTree = "<group>";
		};
		5B0B216E2BAAE4B00032E5C8 /* ilimiInstaller */ = {
			isa = PBXGroup;
			children = (
				5BD3C3322BAAF15500CF8AF5 /* Installer-Info.plist */,
				5B0B216F2BAAE4B00032E5C8 /* ilimiInstallerApp.swift */,
				5B0B217E2BAAE5DE0032E5C8 /* InstallerShared.swift */,
				5B0B21802BAAE5F40032E5C8 /* MainView.swift */,
				5B0B21712BAAE4B00032E5C8 /* MainViewImpl.swift */,
				5B0B217C2BAAE5800032E5C8 /* RelocationDetector.swift */,
				5B0B21732BAAE4B10032E5C8 /* Assets.xcassets */,
				5B0B21782BAAE4B10032E5C8 /* ilimiInstaller.entitlements */,
				5B0B21752BAAE4B10032E5C8 /* Preview Content */,
				5BD3C31A2BAAEB2000CF8AF5 /* Localizable.strings */,
				5BD3C3232BAAEE8600CF8AF5 /* InfoPlist.strings */,
			);
			path = ilimiInstaller;
			sourceTree = "<group>";
		};
		5B0B21752BAAE4B10032E5C8 /* Preview Content */ = {
			isa = PBXGroup;
			children = (
				5B0B21762BAAE4B10032E5C8 /* Preview Assets.xcassets */,
			);
			path = "Preview Content";
			sourceTree = "<group>";
		};
		5B6F604F2BAAC9FB005E004E /* Packages */ = {
			isa = PBXGroup;
			children = (
				5BBE16D92BAAE2EE00D06857 /* ilimi_MainAssembly */,
				5B0B21562BAAE36E0032E5C8 /* vChewing_IMKUtils_IlimiImpl */,
			);
			path = Packages;
			sourceTree = "<group>";
		};
		5B6F60562BAADEF4005E004E /* Frameworks */ = {
			isa = PBXGroup;
			children = (
			);
			name = Frameworks;
			sourceTree = "<group>";
		};
		D4FC14C128C649F70081BCC0 = {
			isa = PBXGroup;
			children = (
				D43B0B402C13468400FB8E6C /* pinyin.bundle */,
				5B6F604F2BAAC9FB005E004E /* Packages */,
				D4FC14CC28C649F70081BCC0 /* ilimi */,
				5B0B216E2BAAE4B00032E5C8 /* ilimiInstaller */,
				D4FC14CB28C649F70081BCC0 /* Products */,
				5B6F60562BAADEF4005E004E /* Frameworks */,
			);
			sourceTree = "<group>";
			usesTabs = 0;
		};
		D4FC14CB28C649F70081BCC0 /* Products */ = {
			isa = PBXGroup;
			children = (
				D4FC14CA28C649F70081BCC0 /* ilimi.app */,
				5B0B216D2BAAE4B00032E5C8 /* ilimiInstaller.app */,
			);
			name = Products;
			sourceTree = "<group>";
		};
		D4FC14CC28C649F70081BCC0 /* ilimi */ = {
			isa = PBXGroup;
			children = (
				5B00C78A2BAC3C1300F28D71 /* MenuIcons */,
				5BC0EDB02BAC2F5D00F810D4 /* IlimiKeyboard.keylayout */,
				D4FC14E028C64F400081BCC0 /* Info.plist */,
				D4FC14D128C649F80081BCC0 /* Assets.xcassets */,
				D4FC14D628C649F80081BCC0 /* ilimi.entitlements */,
				D4FC14D328C649F80081BCC0 /* Preview Content */,
				5B6F60542BAAD809005E004E /* main.swift */,
				5B9B07382BAC411D005C0CDF /* InfoPlist.strings */,
			);
			path = ilimi;
			sourceTree = "<group>";
		};
		D4FC14D328C649F80081BCC0 /* Preview Content */ = {
			isa = PBXGroup;
			children = (
				D4FC14D428C649F80081BCC0 /* Preview Assets.xcassets */,
			);
			path = "Preview Content";
			sourceTree = "<group>";
		};
/* End PBXGroup section */

/* Begin PBXNativeTarget section */
		5B0B216C2BAAE4B00032E5C8 /* ilimiInstaller */ = {
			isa = PBXNativeTarget;
			buildConfigurationList = 5B0B217B2BAAE4B10032E5C8 /* Build configuration list for PBXNativeTarget "ilimiInstaller" */;
			buildPhases = (
				5B0B21692BAAE4B00032E5C8 /* Sources */,
				5B0B216A2BAAE4B00032E5C8 /* Frameworks */,
				5B0B216B2BAAE4B00032E5C8 /* Resources */,
			);
			buildRules = (
			);
			dependencies = (
				5B0B21852BAAE7C60032E5C8 /* PBXTargetDependency */,
			);
			name = ilimiInstaller;
			packageProductDependencies = (
				5B21EC2E2BAAE826009C5A70 /* vChewing_IMKUtils_IlimiImpl */,
			);
			productName = ilimiInstaller;
			productReference = 5B0B216D2BAAE4B00032E5C8 /* ilimiInstaller.app */;
			productType = "com.apple.product-type.application";
		};
		D4FC14C928C649F70081BCC0 /* ilimi */ = {
			isa = PBXNativeTarget;
			buildConfigurationList = D4FC14D928C649F80081BCC0 /* Build configuration list for PBXNativeTarget "ilimi" */;
			buildPhases = (
				5B30D43C2BE6165000B683E4 /* ShellScript */,
				D4FC14C628C649F70081BCC0 /* Sources */,
				D4FC14C728C649F70081BCC0 /* Frameworks */,
				D4FC14C828C649F70081BCC0 /* Resources */,
			);
			buildRules = (
			);
			dependencies = (
			);
			name = ilimi;
			packageProductDependencies = (
				5BBE16DA2BAAE30B00D06857 /* ilimiMainAssembly */,
				5BD3C3342BAAF2F400CF8AF5 /* vChewing_IMKUtils_IlimiImpl */,
			);
			productName = ilimi;
			productReference = D4FC14CA28C649F70081BCC0 /* ilimi.app */;
			productType = "com.apple.product-type.application";
		};
/* End PBXNativeTarget section */

/* Begin PBXProject section */
		D4FC14C228C649F70081BCC0 /* Project object */ = {
			isa = PBXProject;
			attributes = {
				BuildIndependentTargetsInParallel = 1;
				LastSwiftUpdateCheck = 1530;
				LastUpgradeCheck = 1540;
				TargetAttributes = {
					5B0B216C2BAAE4B00032E5C8 = {
						CreatedOnToolsVersion = 15.3;
					};
					D4FC14C928C649F70081BCC0 = {
						CreatedOnToolsVersion = 13.4.1;
						LastSwiftMigration = 1340;
					};
				};
			};
			buildConfigurationList = D4FC14C528C649F70081BCC0 /* Build configuration list for PBXProject "ilimi" */;
			compatibilityVersion = "Xcode 13.0";
			developmentRegion = en;
			hasScannedForEncodings = 0;
			knownRegions = (
				en,
				"zh-Hant",
				Base,
			);
			mainGroup = D4FC14C128C649F70081BCC0;
			packageReferences = (
				5B6F60512BAACACA005E004E /* XCLocalSwiftPackageReference "Packages/ilimi_MainAssembly" */,
				5B0B21572BAAE37F0032E5C8 /* XCLocalSwiftPackageReference "Packages/vChewing_IMKUtils_IlimiImpl" */,
			);
			productRefGroup = D4FC14CB28C649F70081BCC0 /* Products */;
			projectDirPath = "";
			projectRoot = "";
			targets = (
				D4FC14C928C649F70081BCC0 /* ilimi */,
				5B0B216C2BAAE4B00032E5C8 /* ilimiInstaller */,
			);
		};
/* End PBXProject section */

/* Begin PBXResourcesBuildPhase section */
		5B0B216B2BAAE4B00032E5C8 /* Resources */ = {
			isa = PBXResourcesBuildPhase;
			buildActionMask = 2147483647;
			files = (
				5BD3C3252BAAEE8600CF8AF5 /* InfoPlist.strings in Resources */,
				5B0B21772BAAE4B10032E5C8 /* Preview Assets.xcassets in Resources */,
				5BD3C31C2BAAEB2000CF8AF5 /* Localizable.strings in Resources */,
				5B0B21742BAAE4B10032E5C8 /* Assets.xcassets in Resources */,
				5B0B21832BAAE7C60032E5C8 /* ilimi.app in Resources */,
			);
			runOnlyForDeploymentPostprocessing = 0;
		};
		D4FC14C828C649F70081BCC0 /* Resources */ = {
			isa = PBXResourcesBuildPhase;
			buildActionMask = 2147483647;
			files = (
				D4FC14D528C649F80081BCC0 /* Preview Assets.xcassets in Resources */,
				5B9B073A2BAC411D005C0CDF /* InfoPlist.strings in Resources */,
				5B00C7902BAC3C3900F28D71 /* MenuIcon-ILIMI.png in Resources */,
				D43B0B412C13468400FB8E6C /* pinyin.bundle in Resources */,
				5B00C78F2BAC3C3900F28D71 /* MenuIcon-ILIMI@2x.png in Resources */,
				5BC0EDB12BAC2F5D00F810D4 /* IlimiKeyboard.keylayout in Resources */,
				D4FC14D228C649F80081BCC0 /* Assets.xcassets in Resources */,
			);
			runOnlyForDeploymentPostprocessing = 0;
		};
/* End PBXResourcesBuildPhase section */

/* Begin PBXShellScriptBuildPhase section */
		5B30D43C2BE6165000B683E4 /* ShellScript */ = {
			isa = PBXShellScriptBuildPhase;
			buildActionMask = 2147483647;
			files = (
			);
			inputFileListPaths = (
			);
			inputPaths = (
			);
			outputFileListPaths = (
			);
			outputPaths = (
			);
			runOnlyForDeploymentPostprocessing = 0;
			shellPath = /bin/sh;
			shellScript = "if [[ \"$(uname -m)\" == arm64 ]]; then\n    export PATH=\"/opt/homebrew/bin:$PATH\"\nfi\n\nif which swiftlint >/dev/null; then\n  git ls-files --exclude-standard | grep -E '\\.swift$$' | swiftlint --fix --autocorrect\nelse\n  echo \"warning: SwiftLint not installed, download from https://github.com/realm/SwiftLint\"\nfi\n\nif which swiftformat >/dev/null; then\n  swiftformat .\nelse\n  echo \"warning: SwiftFormat not installed, download from https://github.com/nicklockwood/SwiftFormat\"\nfi\n";
		};
/* End PBXShellScriptBuildPhase section */

/* Begin PBXSourcesBuildPhase section */
		5B0B21692BAAE4B00032E5C8 /* Sources */ = {
			isa = PBXSourcesBuildPhase;
			buildActionMask = 2147483647;
			files = (
				5B0B21722BAAE4B00032E5C8 /* MainViewImpl.swift in Sources */,
				5B0B217F2BAAE5DE0032E5C8 /* InstallerShared.swift in Sources */,
				5B0B21702BAAE4B00032E5C8 /* ilimiInstallerApp.swift in Sources */,
				5B0B217D2BAAE5800032E5C8 /* RelocationDetector.swift in Sources */,
				5B0B21812BAAE5F40032E5C8 /* MainView.swift in Sources */,
			);
			runOnlyForDeploymentPostprocessing = 0;
		};
		D4FC14C628C649F70081BCC0 /* Sources */ = {
			isa = PBXSourcesBuildPhase;
			buildActionMask = 2147483647;
			files = (
				5B6F60552BAAD809005E004E /* main.swift in Sources */,
			);
			runOnlyForDeploymentPostprocessing = 0;
		};
/* End PBXSourcesBuildPhase section */

/* Begin PBXTargetDependency section */
		5B0B21852BAAE7C60032E5C8 /* PBXTargetDependency */ = {
			isa = PBXTargetDependency;
			target = D4FC14C928C649F70081BCC0 /* ilimi */;
			targetProxy = 5B0B21842BAAE7C60032E5C8 /* PBXContainerItemProxy */;
		};
/* End PBXTargetDependency section */

/* Begin PBXVariantGroup section */
		5B9B07382BAC411D005C0CDF /* InfoPlist.strings */ = {
			isa = PBXVariantGroup;
			children = (
				5B9B07392BAC411D005C0CDF /* en */,
				5B9B073B2BAC4132005C0CDF /* zh-Hant */,
			);
			name = InfoPlist.strings;
			sourceTree = "<group>";
		};
		5BD3C31A2BAAEB2000CF8AF5 /* Localizable.strings */ = {
			isa = PBXVariantGroup;
			children = (
				5BD3C31B2BAAEB2000CF8AF5 /* en */,
				5BD3C3202BAAEC6700CF8AF5 /* zh-Hant */,
			);
			name = Localizable.strings;
			sourceTree = "<group>";
		};
		5BD3C3232BAAEE8600CF8AF5 /* InfoPlist.strings */ = {
			isa = PBXVariantGroup;
			children = (
				5BD3C3242BAAEE8600CF8AF5 /* en */,
				5BD3C3262BAAEE8D00CF8AF5 /* zh-Hant */,
			);
			name = InfoPlist.strings;
			sourceTree = "<group>";
		};
/* End PBXVariantGroup section */

/* Begin XCBuildConfiguration section */
		5B0B21792BAAE4B10032E5C8 /* Debug */ = {
			isa = XCBuildConfiguration;
			buildSettings = {
				ASSETCATALOG_COMPILER_APPICON_NAME = AppIcon;
				ASSETCATALOG_COMPILER_GENERATE_SWIFT_ASSET_SYMBOL_EXTENSIONS = YES;
				ASSETCATALOG_COMPILER_GLOBAL_ACCENT_COLOR_NAME = AccentColor;
				CLANG_CXX_LANGUAGE_STANDARD = "gnu++20";
				CODE_SIGN_ENTITLEMENTS = ilimiInstaller/ilimiInstaller.entitlements;
				CODE_SIGN_STYLE = Automatic;
				COPY_PHASE_STRIP = NO;
				CURRENT_PROJECT_VERSION = "$(CURRENT_PROJECT_VERSION)";
				DEBUG_INFORMATION_FORMAT = dwarf;
				DEVELOPMENT_ASSET_PATHS = "\"ilimiInstaller/Preview Content\"";
				ENABLE_HARDENED_RUNTIME = YES;
				ENABLE_PREVIEWS = YES;
				GCC_C_LANGUAGE_STANDARD = gnu17;
				GENERATE_INFOPLIST_FILE = YES;
				INFOPLIST_FILE = "ilimiInstaller/Installer-Info.plist";
				INFOPLIST_KEY_LSApplicationCategoryType = "public.app-category.utilities";
				INFOPLIST_KEY_NSHumanReadableCopyright = "(c) 2022 and onwards The ilimi-IME Project (3-Clause BSD license).";
				INFOPLIST_KEY_NSPrincipalClass = NSApplication;
				LD_RUNPATH_SEARCH_PATHS = (
					"$(inherited)",
					"@executable_path/../Frameworks",
				);
				LOCALIZATION_PREFERS_STRING_CATALOGS = YES;
				MACOSX_DEPLOYMENT_TARGET = 13.0;
				MARKETING_VERSION = "$(MARKETING_VERSION)";
				PRODUCT_BUNDLE_IDENTIFIER = com.jefferson.ilimiInstaller;
				PRODUCT_NAME = "$(TARGET_NAME)";
				SKIP_INSTALL = NO;
				SWIFT_ACTIVE_COMPILATION_CONDITIONS = "DEBUG $(inherited)";
				SWIFT_EMIT_LOC_STRINGS = YES;
				SWIFT_VERSION = 5.0;
			};
			name = Debug;
		};
		5B0B217A2BAAE4B10032E5C8 /* Release */ = {
			isa = XCBuildConfiguration;
			buildSettings = {
				ASSETCATALOG_COMPILER_APPICON_NAME = AppIcon;
				ASSETCATALOG_COMPILER_GENERATE_SWIFT_ASSET_SYMBOL_EXTENSIONS = YES;
				ASSETCATALOG_COMPILER_GLOBAL_ACCENT_COLOR_NAME = AccentColor;
				CLANG_CXX_LANGUAGE_STANDARD = "gnu++20";
				CODE_SIGN_ENTITLEMENTS = ilimiInstaller/ilimiInstaller.entitlements;
				CODE_SIGN_STYLE = Automatic;
				COPY_PHASE_STRIP = NO;
				CURRENT_PROJECT_VERSION = "$(CURRENT_PROJECT_VERSION)";
				DEBUG_INFORMATION_FORMAT = "dwarf-with-dsym";
				DEVELOPMENT_ASSET_PATHS = "\"ilimiInstaller/Preview Content\"";
				ENABLE_HARDENED_RUNTIME = YES;
				ENABLE_PREVIEWS = YES;
				GCC_C_LANGUAGE_STANDARD = gnu17;
				GENERATE_INFOPLIST_FILE = YES;
				INFOPLIST_FILE = "ilimiInstaller/Installer-Info.plist";
				INFOPLIST_KEY_LSApplicationCategoryType = "public.app-category.utilities";
				INFOPLIST_KEY_NSHumanReadableCopyright = "(c) 2022 and onwards The ilimi-IME Project (3-Clause BSD license).";
				INFOPLIST_KEY_NSPrincipalClass = NSApplication;
				LD_RUNPATH_SEARCH_PATHS = (
					"$(inherited)",
					"@executable_path/../Frameworks",
				);
				LOCALIZATION_PREFERS_STRING_CATALOGS = YES;
				MACOSX_DEPLOYMENT_TARGET = 13.0;
				MARKETING_VERSION = "$(MARKETING_VERSION)";
				PRODUCT_BUNDLE_IDENTIFIER = com.jefferson.ilimiInstaller;
				PRODUCT_NAME = "$(TARGET_NAME)";
				SKIP_INSTALL = NO;
				SWIFT_EMIT_LOC_STRINGS = YES;
				SWIFT_VERSION = 5.0;
			};
			name = Release;
		};
		D4FC14D728C649F80081BCC0 /* Debug */ = {
			isa = XCBuildConfiguration;
			buildSettings = {
				ALWAYS_SEARCH_USER_PATHS = NO;
				CLANG_ANALYZER_LOCALIZABILITY_NONLOCALIZED = YES;
				CLANG_ANALYZER_NONNULL = YES;
				CLANG_ANALYZER_NUMBER_OBJECT_CONVERSION = YES_AGGRESSIVE;
				CLANG_CXX_LANGUAGE_STANDARD = "gnu++17";
				CLANG_ENABLE_MODULES = YES;
				CLANG_ENABLE_OBJC_ARC = YES;
				CLANG_ENABLE_OBJC_WEAK = YES;
				CLANG_WARN_BLOCK_CAPTURE_AUTORELEASING = YES;
				CLANG_WARN_BOOL_CONVERSION = YES;
				CLANG_WARN_COMMA = YES;
				CLANG_WARN_CONSTANT_CONVERSION = YES;
				CLANG_WARN_DEPRECATED_OBJC_IMPLEMENTATIONS = YES;
				CLANG_WARN_DIRECT_OBJC_ISA_USAGE = YES_ERROR;
				CLANG_WARN_DOCUMENTATION_COMMENTS = YES;
				CLANG_WARN_EMPTY_BODY = YES;
				CLANG_WARN_ENUM_CONVERSION = YES;
				CLANG_WARN_INFINITE_RECURSION = YES;
				CLANG_WARN_INT_CONVERSION = YES;
				CLANG_WARN_NON_LITERAL_NULL_CONVERSION = YES;
				CLANG_WARN_OBJC_IMPLICIT_RETAIN_SELF = YES;
				CLANG_WARN_OBJC_LITERAL_CONVERSION = YES;
				CLANG_WARN_OBJC_ROOT_CLASS = YES_ERROR;
				CLANG_WARN_QUOTED_INCLUDE_IN_FRAMEWORK_HEADER = YES;
				CLANG_WARN_RANGE_LOOP_ANALYSIS = YES;
				CLANG_WARN_STRICT_PROTOTYPES = YES;
				CLANG_WARN_SUSPICIOUS_MOVE = YES;
				CLANG_WARN_UNGUARDED_AVAILABILITY = YES_AGGRESSIVE;
				CLANG_WARN_UNREACHABLE_CODE = YES;
				CLANG_WARN__DUPLICATE_METHOD_MATCH = YES;
				CURRENT_PROJECT_VERSION = 1.3;
				DEAD_CODE_STRIPPING = YES;
				ENABLE_STRICT_OBJC_MSGSEND = YES;
				ENABLE_TESTABILITY = YES;
				ENABLE_USER_SCRIPT_SANDBOXING = NO;
				GCC_C_LANGUAGE_STANDARD = gnu11;
				GCC_DYNAMIC_NO_PIC = NO;
				GCC_NO_COMMON_BLOCKS = YES;
				GCC_OPTIMIZATION_LEVEL = 0;
				GCC_PREPROCESSOR_DEFINITIONS = (
					"DEBUG=1",
					"$(inherited)",
				);
				GCC_WARN_64_TO_32_BIT_CONVERSION = YES;
				GCC_WARN_ABOUT_RETURN_TYPE = YES_ERROR;
				GCC_WARN_UNDECLARED_SELECTOR = YES;
				GCC_WARN_UNINITIALIZED_AUTOS = YES_AGGRESSIVE;
				GCC_WARN_UNUSED_FUNCTION = YES;
				GCC_WARN_UNUSED_VARIABLE = YES;
				MACOSX_DEPLOYMENT_TARGET = 13.0;
				MARKETING_VERSION = 1.3;
				MTL_ENABLE_DEBUG_INFO = INCLUDE_SOURCE;
				MTL_FAST_MATH = YES;
				ONLY_ACTIVE_ARCH = YES;
				SDKROOT = macosx;
				SWIFT_ACTIVE_COMPILATION_CONDITIONS = DEBUG;
				SWIFT_OPTIMIZATION_LEVEL = "-Onone";
				VERSION_INFO_FILE = "";
			};
			name = Debug;
		};
		D4FC14D828C649F80081BCC0 /* Release */ = {
			isa = XCBuildConfiguration;
			buildSettings = {
				ALWAYS_SEARCH_USER_PATHS = NO;
				CLANG_ANALYZER_LOCALIZABILITY_NONLOCALIZED = YES;
				CLANG_ANALYZER_NONNULL = YES;
				CLANG_ANALYZER_NUMBER_OBJECT_CONVERSION = YES_AGGRESSIVE;
				CLANG_CXX_LANGUAGE_STANDARD = "gnu++17";
				CLANG_ENABLE_MODULES = YES;
				CLANG_ENABLE_OBJC_ARC = YES;
				CLANG_ENABLE_OBJC_WEAK = YES;
				CLANG_WARN_BLOCK_CAPTURE_AUTORELEASING = YES;
				CLANG_WARN_BOOL_CONVERSION = YES;
				CLANG_WARN_COMMA = YES;
				CLANG_WARN_CONSTANT_CONVERSION = YES;
				CLANG_WARN_DEPRECATED_OBJC_IMPLEMENTATIONS = YES;
				CLANG_WARN_DIRECT_OBJC_ISA_USAGE = YES_ERROR;
				CLANG_WARN_DOCUMENTATION_COMMENTS = YES;
				CLANG_WARN_EMPTY_BODY = YES;
				CLANG_WARN_ENUM_CONVERSION = YES;
				CLANG_WARN_INFINITE_RECURSION = YES;
				CLANG_WARN_INT_CONVERSION = YES;
				CLANG_WARN_NON_LITERAL_NULL_CONVERSION = YES;
				CLANG_WARN_OBJC_IMPLICIT_RETAIN_SELF = YES;
				CLANG_WARN_OBJC_LITERAL_CONVERSION = YES;
				CLANG_WARN_OBJC_ROOT_CLASS = YES_ERROR;
				CLANG_WARN_QUOTED_INCLUDE_IN_FRAMEWORK_HEADER = YES;
				CLANG_WARN_RANGE_LOOP_ANALYSIS = YES;
				CLANG_WARN_STRICT_PROTOTYPES = YES;
				CLANG_WARN_SUSPICIOUS_MOVE = YES;
				CLANG_WARN_UNGUARDED_AVAILABILITY = YES_AGGRESSIVE;
				CLANG_WARN_UNREACHABLE_CODE = YES;
				CLANG_WARN__DUPLICATE_METHOD_MATCH = YES;
				CURRENT_PROJECT_VERSION = 1.3;
				DEAD_CODE_STRIPPING = YES;
				ENABLE_NS_ASSERTIONS = NO;
				ENABLE_STRICT_OBJC_MSGSEND = YES;
				ENABLE_USER_SCRIPT_SANDBOXING = NO;
				GCC_C_LANGUAGE_STANDARD = gnu11;
				GCC_NO_COMMON_BLOCKS = YES;
				GCC_WARN_64_TO_32_BIT_CONVERSION = YES;
				GCC_WARN_ABOUT_RETURN_TYPE = YES_ERROR;
				GCC_WARN_UNDECLARED_SELECTOR = YES;
				GCC_WARN_UNINITIALIZED_AUTOS = YES_AGGRESSIVE;
				GCC_WARN_UNUSED_FUNCTION = YES;
				GCC_WARN_UNUSED_VARIABLE = YES;
				MACOSX_DEPLOYMENT_TARGET = 13.0;
				MARKETING_VERSION = 1.3;
				MTL_ENABLE_DEBUG_INFO = NO;
				MTL_FAST_MATH = YES;
				SDKROOT = macosx;
				SWIFT_COMPILATION_MODE = wholemodule;
				SWIFT_OPTIMIZATION_LEVEL = "-O";
				VERSION_INFO_FILE = "";
			};
			name = Release;
		};
		D4FC14DA28C649F80081BCC0 /* Debug */ = {
			isa = XCBuildConfiguration;
			buildSettings = {
				ASSETCATALOG_COMPILER_APPICON_NAME = AppIcon;
				ASSETCATALOG_COMPILER_GLOBAL_ACCENT_COLOR_NAME = AccentColor;
				CLANG_ENABLE_MODULES = YES;
				CODE_SIGN_ENTITLEMENTS = ilimi/ilimi.entitlements;
				CODE_SIGN_IDENTITY = "Apple Development";
				"CODE_SIGN_IDENTITY[sdk=macosx*]" = "-";
				CODE_SIGN_STYLE = Automatic;
				CURRENT_PROJECT_VERSION = "$(CURRENT_PROJECT_VERSION)";
				DEAD_CODE_STRIPPING = YES;
				DEVELOPMENT_ASSET_PATHS = "\"ilimi/Preview Content\"";
				DEVELOPMENT_TEAM = "";
				ENABLE_HARDENED_RUNTIME = YES;
				ENABLE_PREVIEWS = YES;
				GENERATE_INFOPLIST_FILE = YES;
				INFOPLIST_FILE = ilimi/Info.plist;
				INFOPLIST_KEY_LSApplicationCategoryType = "public.app-category.utilities";
				INFOPLIST_KEY_LSBackgroundOnly = YES;
				INFOPLIST_KEY_NSHumanReadableCopyright = "(c) 2022 and onwards The ilimi-IME Project (3-Clause BSD license).";
				INFOPLIST_KEY_NSPrincipalClass = NSApplication;
				LD_RUNPATH_SEARCH_PATHS = (
					"$(inherited)",
					"@executable_path/../Frameworks",
				);
				MACOSX_DEPLOYMENT_TARGET = 13.0;
				MARKETING_VERSION = "$(MARKETING_VERSION)";
				PRODUCT_BUNDLE_IDENTIFIER = com.jefferson.inputmethod.ilimi;
				PRODUCT_NAME = "$(TARGET_NAME)";
				PROVISIONING_PROFILE_SPECIFIER = "";
				SKIP_INSTALL = YES;
				SWIFT_EMIT_LOC_STRINGS = YES;
				SWIFT_OPTIMIZATION_LEVEL = "-Onone";
				SWIFT_VERSION = 5.0;
			};
			name = Debug;
		};
		D4FC14DB28C649F80081BCC0 /* Release */ = {
			isa = XCBuildConfiguration;
			buildSettings = {
				ASSETCATALOG_COMPILER_APPICON_NAME = AppIcon;
				ASSETCATALOG_COMPILER_GLOBAL_ACCENT_COLOR_NAME = AccentColor;
				CLANG_ENABLE_MODULES = YES;
				CODE_SIGN_ENTITLEMENTS = ilimi/ilimi.entitlements;
				CODE_SIGN_IDENTITY = "Apple Development";
				"CODE_SIGN_IDENTITY[sdk=macosx*]" = "-";
				CODE_SIGN_STYLE = Automatic;
				CURRENT_PROJECT_VERSION = "$(CURRENT_PROJECT_VERSION)";
				DEAD_CODE_STRIPPING = YES;
				DEVELOPMENT_ASSET_PATHS = "\"ilimi/Preview Content\"";
				DEVELOPMENT_TEAM = "";
				ENABLE_HARDENED_RUNTIME = YES;
				ENABLE_PREVIEWS = YES;
				GENERATE_INFOPLIST_FILE = YES;
				INFOPLIST_FILE = ilimi/Info.plist;
				INFOPLIST_KEY_LSApplicationCategoryType = "public.app-category.utilities";
				INFOPLIST_KEY_LSBackgroundOnly = YES;
				INFOPLIST_KEY_NSHumanReadableCopyright = "(c) 2022 and onwards The ilimi-IME Project (3-Clause BSD license).";
				INFOPLIST_KEY_NSPrincipalClass = NSApplication;
				LD_RUNPATH_SEARCH_PATHS = (
					"$(inherited)",
					"@executable_path/../Frameworks",
				);
				MACOSX_DEPLOYMENT_TARGET = 13.0;
				MARKETING_VERSION = "$(MARKETING_VERSION)";
				PRODUCT_BUNDLE_IDENTIFIER = com.jefferson.inputmethod.ilimi;
				PRODUCT_NAME = "$(TARGET_NAME)";
				PROVISIONING_PROFILE_SPECIFIER = "";
				SKIP_INSTALL = YES;
				SWIFT_EMIT_LOC_STRINGS = YES;
				SWIFT_VERSION = 5.0;
			};
			name = Release;
		};
/* End XCBuildConfiguration section */

/* Begin XCConfigurationList section */
		5B0B217B2BAAE4B10032E5C8 /* Build configuration list for PBXNativeTarget "ilimiInstaller" */ = {
			isa = XCConfigurationList;
			buildConfigurations = (
				5B0B21792BAAE4B10032E5C8 /* Debug */,
				5B0B217A2BAAE4B10032E5C8 /* Release */,
			);
			defaultConfigurationIsVisible = 0;
			defaultConfigurationName = Release;
		};
		D4FC14C528C649F70081BCC0 /* Build configuration list for PBXProject "ilimi" */ = {
			isa = XCConfigurationList;
			buildConfigurations = (
				D4FC14D728C649F80081BCC0 /* Debug */,
				D4FC14D828C649F80081BCC0 /* Release */,
			);
			defaultConfigurationIsVisible = 0;
			defaultConfigurationName = Release;
		};
		D4FC14D928C649F80081BCC0 /* Build configuration list for PBXNativeTarget "ilimi" */ = {
			isa = XCConfigurationList;
			buildConfigurations = (
				D4FC14DA28C649F80081BCC0 /* Debug */,
				D4FC14DB28C649F80081BCC0 /* Release */,
			);
			defaultConfigurationIsVisible = 0;
			defaultConfigurationName = Release;
		};
/* End XCConfigurationList section */

/* Begin XCLocalSwiftPackageReference section */
		5B0B21572BAAE37F0032E5C8 /* XCLocalSwiftPackageReference "Packages/vChewing_IMKUtils_IlimiImpl" */ = {
			isa = XCLocalSwiftPackageReference;
			relativePath = Packages/vChewing_IMKUtils_IlimiImpl;
		};
		5B6F60512BAACACA005E004E /* XCLocalSwiftPackageReference "Packages/ilimi_MainAssembly" */ = {
			isa = XCLocalSwiftPackageReference;
			relativePath = Packages/ilimi_MainAssembly;
		};
/* End XCLocalSwiftPackageReference section */

/* Begin XCSwiftPackageProductDependency section */
		5B21EC2E2BAAE826009C5A70 /* vChewing_IMKUtils_IlimiImpl */ = {
			isa = XCSwiftPackageProductDependency;
			productName = vChewing_IMKUtils_IlimiImpl;
		};
		5BBE16DA2BAAE30B00D06857 /* ilimiMainAssembly */ = {
			isa = XCSwiftPackageProductDependency;
			productName = ilimiMainAssembly;
		};
		5BD3C3342BAAF2F400CF8AF5 /* vChewing_IMKUtils_IlimiImpl */ = {
			isa = XCSwiftPackageProductDependency;
			productName = vChewing_IMKUtils_IlimiImpl;
		};
/* End XCSwiftPackageProductDependency section */
	};
	rootObject = D4FC14C228C649F70081BCC0 /* Project object */;
}
