// !$*UTF8*$!
{
	archiveVersion = 1;
	classes = {
	};
	objectVersion = 55;
	objects = {

/* Begin PBXBuildFile section */
		D44CAD4E28C757C30046E5B6 /* InputContext.swift in Sources */ = {isa = PBXBuildFile; fileRef = D44CAD4D28C757C30046E5B6 /* InputContext.swift */; };
		D4B2B76A28C7A9A4006F3967 /* InputEngine.swift in Sources */ = {isa = PBXBuildFile; fileRef = D4B2B76928C7A9A4006F3967 /* InputEngine.swift */; };
		D4C45A3228CBB00B003DC3B0 /* IlimiMenu.swift in Sources */ = {isa = PBXBuildFile; fileRef = D4C45A3128CBB00B003DC3B0 /* IlimiMenu.swift */; };
		D4FC14D228C649F80081BCC0 /* Assets.xcassets in Resources */ = {isa = PBXBuildFile; fileRef = D4FC14D128C649F80081BCC0 /* Assets.xcassets */; };
		D4FC14D528C649F80081BCC0 /* Preview Assets.xcassets in Resources */ = {isa = PBXBuildFile; fileRef = D4FC14D428C649F80081BCC0 /* Preview Assets.xcassets */; };
		D4FC14DD28C64A520081BCC0 /* AppDelegate.swift in Sources */ = {isa = PBXBuildFile; fileRef = D4FC14DC28C64A520081BCC0 /* AppDelegate.swift */; };
		D4FC14DF28C64A730081BCC0 /* IlimiInputController.swift in Sources */ = {isa = PBXBuildFile; fileRef = D4FC14DE28C64A730081BCC0 /* IlimiInputController.swift */; };
		D4FC14E328C667200081BCC0 /* PhraseInitilizer.swift in Sources */ = {isa = PBXBuildFile; fileRef = D4FC14E228C667200081BCC0 /* PhraseInitilizer.swift */; };
		D4FC14E628C668A90081BCC0 /* Model.xcdatamodeld in Sources */ = {isa = PBXBuildFile; fileRef = D4FC14E428C668A90081BCC0 /* Model.xcdatamodeld */; };
		D4FC14E828C66A180081BCC0 /* PersistenceController.swift in Sources */ = {isa = PBXBuildFile; fileRef = D4FC14E728C66A180081BCC0 /* PersistenceController.swift */; };
/* End PBXBuildFile section */

/* Begin PBXFileReference section */
		D44CAD4D28C757C30046E5B6 /* InputContext.swift */ = {isa = PBXFileReference; lastKnownFileType = sourcecode.swift; path = InputContext.swift; sourceTree = "<group>"; };
		D4B2B76928C7A9A4006F3967 /* InputEngine.swift */ = {isa = PBXFileReference; lastKnownFileType = sourcecode.swift; path = InputEngine.swift; sourceTree = "<group>"; };
		D4C45A2B28CB9B07003DC3B0 /* ilimi-Bridging-Header.h */ = {isa = PBXFileReference; lastKnownFileType = sourcecode.c.h; path = "ilimi-Bridging-Header.h"; sourceTree = "<group>"; };
		D4C45A3128CBB00B003DC3B0 /* IlimiMenu.swift */ = {isa = PBXFileReference; lastKnownFileType = sourcecode.swift; path = IlimiMenu.swift; sourceTree = "<group>"; };
		D4FC14CA28C649F70081BCC0 /* ilimi.app */ = {isa = PBXFileReference; explicitFileType = wrapper.application; includeInIndex = 0; path = ilimi.app; sourceTree = BUILT_PRODUCTS_DIR; };
		D4FC14D128C649F80081BCC0 /* Assets.xcassets */ = {isa = PBXFileReference; lastKnownFileType = folder.assetcatalog; path = Assets.xcassets; sourceTree = "<group>"; };
		D4FC14D428C649F80081BCC0 /* Preview Assets.xcassets */ = {isa = PBXFileReference; lastKnownFileType = folder.assetcatalog; path = "Preview Assets.xcassets"; sourceTree = "<group>"; };
		D4FC14D628C649F80081BCC0 /* ilimi.entitlements */ = {isa = PBXFileReference; lastKnownFileType = text.plist.entitlements; path = ilimi.entitlements; sourceTree = "<group>"; };
		D4FC14DC28C64A520081BCC0 /* AppDelegate.swift */ = {isa = PBXFileReference; lastKnownFileType = sourcecode.swift; path = AppDelegate.swift; sourceTree = "<group>"; };
		D4FC14DE28C64A730081BCC0 /* IlimiInputController.swift */ = {isa = PBXFileReference; lastKnownFileType = sourcecode.swift; path = IlimiInputController.swift; sourceTree = "<group>"; };
		D4FC14E028C64F400081BCC0 /* Info.plist */ = {isa = PBXFileReference; lastKnownFileType = text.plist; path = Info.plist; sourceTree = "<group>"; };
		D4FC14E228C667200081BCC0 /* PhraseInitilizer.swift */ = {isa = PBXFileReference; lastKnownFileType = sourcecode.swift; path = PhraseInitilizer.swift; sourceTree = "<group>"; };
		D4FC14E528C668A90081BCC0 /* Model.xcdatamodel */ = {isa = PBXFileReference; lastKnownFileType = wrapper.xcdatamodel; path = Model.xcdatamodel; sourceTree = "<group>"; };
		D4FC14E728C66A180081BCC0 /* PersistenceController.swift */ = {isa = PBXFileReference; lastKnownFileType = sourcecode.swift; path = PersistenceController.swift; sourceTree = "<group>"; };
/* End PBXFileReference section */

/* Begin PBXFrameworksBuildPhase section */
		D4FC14C728C649F70081BCC0 /* Frameworks */ = {
			isa = PBXFrameworksBuildPhase;
			buildActionMask = 2147483647;
			files = (
			);
			runOnlyForDeploymentPostprocessing = 0;
		};
/* End PBXFrameworksBuildPhase section */

/* Begin PBXGroup section */
		D4C45A2C28CBA773003DC3B0 /* View */ = {
			isa = PBXGroup;
			children = (
				D4C45A3128CBB00B003DC3B0 /* IlimiMenu.swift */,
			);
			path = View;
			sourceTree = "<group>";
		};
		D4FC14C128C649F70081BCC0 = {
			isa = PBXGroup;
			children = (
				D4FC14CC28C649F70081BCC0 /* ilimi */,
				D4FC14CB28C649F70081BCC0 /* Products */,
			);
			sourceTree = "<group>";
		};
		D4FC14CB28C649F70081BCC0 /* Products */ = {
			isa = PBXGroup;
			children = (
				D4FC14CA28C649F70081BCC0 /* ilimi.app */,
			);
			name = Products;
			sourceTree = "<group>";
		};
		D4FC14CC28C649F70081BCC0 /* ilimi */ = {
			isa = PBXGroup;
			children = (
				D4C45A2C28CBA773003DC3B0 /* View */,
				D4FC14E128C666DE0081BCC0 /* Utils */,
				D4FC14E028C64F400081BCC0 /* Info.plist */,
				D4FC14D128C649F80081BCC0 /* Assets.xcassets */,
				D4FC14D628C649F80081BCC0 /* ilimi.entitlements */,
				D4FC14D328C649F80081BCC0 /* Preview Content */,
				D4FC14DC28C64A520081BCC0 /* AppDelegate.swift */,
				D4FC14DE28C64A730081BCC0 /* IlimiInputController.swift */,
				D4FC14E428C668A90081BCC0 /* Model.xcdatamodeld */,
				D44CAD4D28C757C30046E5B6 /* InputContext.swift */,
				D4B2B76928C7A9A4006F3967 /* InputEngine.swift */,
				D4C45A2B28CB9B07003DC3B0 /* ilimi-Bridging-Header.h */,
			);
			path = ilimi;
			sourceTree = "<group>";
		};
		D4FC14D328C649F80081BCC0 /* Preview Content */ = {
			isa = PBXGroup;
			children = (
				D4FC14D428C649F80081BCC0 /* Preview Assets.xcassets */,
			);
			path = "Preview Content";
			sourceTree = "<group>";
		};
		D4FC14E128C666DE0081BCC0 /* Utils */ = {
			isa = PBXGroup;
			children = (
				D4FC14E228C667200081BCC0 /* PhraseInitilizer.swift */,
				D4FC14E728C66A180081BCC0 /* PersistenceController.swift */,
			);
			path = Utils;
			sourceTree = "<group>";
		};
/* End PBXGroup section */

/* Begin PBXNativeTarget section */
		D4FC14C928C649F70081BCC0 /* ilimi */ = {
			isa = PBXNativeTarget;
			buildConfigurationList = D4FC14D928C649F80081BCC0 /* Build configuration list for PBXNativeTarget "ilimi" */;
			buildPhases = (
				D4FC14C628C649F70081BCC0 /* Sources */,
				D4FC14C728C649F70081BCC0 /* Frameworks */,
				D4FC14C828C649F70081BCC0 /* Resources */,
			);
			buildRules = (
			);
			dependencies = (
			);
			name = ilimi;
			productName = ilimi;
			productReference = D4FC14CA28C649F70081BCC0 /* ilimi.app */;
			productType = "com.apple.product-type.application";
		};
/* End PBXNativeTarget section */

/* Begin PBXProject section */
		D4FC14C228C649F70081BCC0 /* Project object */ = {
			isa = PBXProject;
			attributes = {
				BuildIndependentTargetsInParallel = 1;
				LastSwiftUpdateCheck = 1340;
				LastUpgradeCheck = 1340;
				TargetAttributes = {
					D4FC14C928C649F70081BCC0 = {
						CreatedOnToolsVersion = 13.4.1;
						LastSwiftMigration = 1340;
					};
				};
			};
			buildConfigurationList = D4FC14C528C649F70081BCC0 /* Build configuration list for PBXProject "ilimi" */;
			compatibilityVersion = "Xcode 13.0";
			developmentRegion = en;
			hasScannedForEncodings = 0;
			knownRegions = (
				en,
				Base,
			);
			mainGroup = D4FC14C128C649F70081BCC0;
			productRefGroup = D4FC14CB28C649F70081BCC0 /* Products */;
			projectDirPath = "";
			projectRoot = "";
			targets = (
				D4FC14C928C649F70081BCC0 /* ilimi */,
			);
		};
/* End PBXProject section */

/* Begin PBXResourcesBuildPhase section */
		D4FC14C828C649F70081BCC0 /* Resources */ = {
			isa = PBXResourcesBuildPhase;
			buildActionMask = 2147483647;
			files = (
				D4FC14D528C649F80081BCC0 /* Preview Assets.xcassets in Resources */,
				D4FC14D228C649F80081BCC0 /* Assets.xcassets in Resources */,
			);
			runOnlyForDeploymentPostprocessing = 0;
		};
/* End PBXResourcesBuildPhase section */

/* Begin PBXSourcesBuildPhase section */
		D4FC14C628C649F70081BCC0 /* Sources */ = {
			isa = PBXSourcesBuildPhase;
			buildActionMask = 2147483647;
			files = (
				D4FC14DD28C64A520081BCC0 /* AppDelegate.swift in Sources */,
				D4FC14DF28C64A730081BCC0 /* IlimiInputController.swift in Sources */,
				D44CAD4E28C757C30046E5B6 /* InputContext.swift in Sources */,
				D4C45A3228CBB00B003DC3B0 /* IlimiMenu.swift in Sources */,
				D4FC14E328C667200081BCC0 /* PhraseInitilizer.swift in Sources */,
				D4FC14E628C668A90081BCC0 /* Model.xcdatamodeld in Sources */,
				D4FC14E828C66A180081BCC0 /* PersistenceController.swift in Sources */,
				D4B2B76A28C7A9A4006F3967 /* InputEngine.swift in Sources */,
			);
			runOnlyForDeploymentPostprocessing = 0;
		};
/* End PBXSourcesBuildPhase section */

/* Begin XCBuildConfiguration section */
		D4FC14D728C649F80081BCC0 /* Debug */ = {
			isa = XCBuildConfiguration;
			buildSettings = {
				ALWAYS_SEARCH_USER_PATHS = NO;
				CLANG_ANALYZER_NONNULL = YES;
				CLANG_ANALYZER_NUMBER_OBJECT_CONVERSION = YES_AGGRESSIVE;
				CLANG_CXX_LANGUAGE_STANDARD = "gnu++17";
				CLANG_ENABLE_MODULES = YES;
				CLANG_ENABLE_OBJC_ARC = YES;
				CLANG_ENABLE_OBJC_WEAK = YES;
				CLANG_WARN_BLOCK_CAPTURE_AUTORELEASING = YES;
				CLANG_WARN_BOOL_CONVERSION = YES;
				CLANG_WARN_COMMA = YES;
				CLANG_WARN_CONSTANT_CONVERSION = YES;
				CLANG_WARN_DEPRECATED_OBJC_IMPLEMENTATIONS = YES;
				CLANG_WARN_DIRECT_OBJC_ISA_USAGE = YES_ERROR;
				CLANG_WARN_DOCUMENTATION_COMMENTS = YES;
				CLANG_WARN_EMPTY_BODY = YES;
				CLANG_WARN_ENUM_CONVERSION = YES;
				CLANG_WARN_INFINITE_RECURSION = YES;
				CLANG_WARN_INT_CONVERSION = YES;
				CLANG_WARN_NON_LITERAL_NULL_CONVERSION = YES;
				CLANG_WARN_OBJC_IMPLICIT_RETAIN_SELF = YES;
				CLANG_WARN_OBJC_LITERAL_CONVERSION = YES;
				CLANG_WARN_OBJC_ROOT_CLASS = YES_ERROR;
				CLANG_WARN_QUOTED_INCLUDE_IN_FRAMEWORK_HEADER = YES;
				CLANG_WARN_RANGE_LOOP_ANALYSIS = YES;
				CLANG_WARN_STRICT_PROTOTYPES = YES;
				CLANG_WARN_SUSPICIOUS_MOVE = YES;
				CLANG_WARN_UNGUARDED_AVAILABILITY = YES_AGGRESSIVE;
				CLANG_WARN_UNREACHABLE_CODE = YES;
				CLANG_WARN__DUPLICATE_METHOD_MATCH = YES;
				COPY_PHASE_STRIP = NO;
				DEBUG_INFORMATION_FORMAT = dwarf;
				ENABLE_STRICT_OBJC_MSGSEND = YES;
				ENABLE_TESTABILITY = YES;
				GCC_C_LANGUAGE_STANDARD = gnu11;
				GCC_DYNAMIC_NO_PIC = NO;
				GCC_NO_COMMON_BLOCKS = YES;
				GCC_OPTIMIZATION_LEVEL = 0;
				GCC_PREPROCESSOR_DEFINITIONS = (
					"DEBUG=1",
					"$(inherited)",
				);
				GCC_WARN_64_TO_32_BIT_CONVERSION = YES;
				GCC_WARN_ABOUT_RETURN_TYPE = YES_ERROR;
				GCC_WARN_UNDECLARED_SELECTOR = YES;
				GCC_WARN_UNINITIALIZED_AUTOS = YES_AGGRESSIVE;
				GCC_WARN_UNUSED_FUNCTION = YES;
				GCC_WARN_UNUSED_VARIABLE = YES;
				MACOSX_DEPLOYMENT_TARGET = 12.3;
				MTL_ENABLE_DEBUG_INFO = INCLUDE_SOURCE;
				MTL_FAST_MATH = YES;
				ONLY_ACTIVE_ARCH = YES;
				SDKROOT = macosx;
				SWIFT_ACTIVE_COMPILATION_CONDITIONS = DEBUG;
				SWIFT_OPTIMIZATION_LEVEL = "-Onone";
				SYMROOT = "/Library/Input Methods/";
			};
			name = Debug;
		};
		D4FC14D828C649F80081BCC0 /* Release */ = {
			isa = XCBuildConfiguration;
			buildSettings = {
				ALWAYS_SEARCH_USER_PATHS = NO;
				CLANG_ANALYZER_NONNULL = YES;
				CLANG_ANALYZER_NUMBER_OBJECT_CONVERSION = YES_AGGRESSIVE;
				CLANG_CXX_LANGUAGE_STANDARD = "gnu++17";
				CLANG_ENABLE_MODULES = YES;
				CLANG_ENABLE_OBJC_ARC = YES;
				CLANG_ENABLE_OBJC_WEAK = YES;
				CLANG_WARN_BLOCK_CAPTURE_AUTORELEASING = YES;
				CLANG_WARN_BOOL_CONVERSION = YES;
				CLANG_WARN_COMMA = YES;
				CLANG_WARN_CONSTANT_CONVERSION = YES;
				CLANG_WARN_DEPRECATED_OBJC_IMPLEMENTATIONS = YES;
				CLANG_WARN_DIRECT_OBJC_ISA_USAGE = YES_ERROR;
				CLANG_WARN_DOCUMENTATION_COMMENTS = YES;
				CLANG_WARN_EMPTY_BODY = YES;
				CLANG_WARN_ENUM_CONVERSION = YES;
				CLANG_WARN_INFINITE_RECURSION = YES;
				CLANG_WARN_INT_CONVERSION = YES;
				CLANG_WARN_NON_LITERAL_NULL_CONVERSION = YES;
				CLANG_WARN_OBJC_IMPLICIT_RETAIN_SELF = YES;
				CLANG_WARN_OBJC_LITERAL_CONVERSION = YES;
				CLANG_WARN_OBJC_ROOT_CLASS = YES_ERROR;
				CLANG_WARN_QUOTED_INCLUDE_IN_FRAMEWORK_HEADER = YES;
				CLANG_WARN_RANGE_LOOP_ANALYSIS = YES;
				CLANG_WARN_STRICT_PROTOTYPES = YES;
				CLANG_WARN_SUSPICIOUS_MOVE = YES;
				CLANG_WARN_UNGUARDED_AVAILABILITY = YES_AGGRESSIVE;
				CLANG_WARN_UNREACHABLE_CODE = YES;
				CLANG_WARN__DUPLICATE_METHOD_MATCH = YES;
				COPY_PHASE_STRIP = NO;
				DEBUG_INFORMATION_FORMAT = "dwarf-with-dsym";
				ENABLE_NS_ASSERTIONS = NO;
				ENABLE_STRICT_OBJC_MSGSEND = YES;
				GCC_C_LANGUAGE_STANDARD = gnu11;
				GCC_NO_COMMON_BLOCKS = YES;
				GCC_WARN_64_TO_32_BIT_CONVERSION = YES;
				GCC_WARN_ABOUT_RETURN_TYPE = YES_ERROR;
				GCC_WARN_UNDECLARED_SELECTOR = YES;
				GCC_WARN_UNINITIALIZED_AUTOS = YES_AGGRESSIVE;
				GCC_WARN_UNUSED_FUNCTION = YES;
				GCC_WARN_UNUSED_VARIABLE = YES;
				MACOSX_DEPLOYMENT_TARGET = 12.3;
				MTL_ENABLE_DEBUG_INFO = NO;
				MTL_FAST_MATH = YES;
				SDKROOT = macosx;
				SWIFT_COMPILATION_MODE = wholemodule;
				SWIFT_OPTIMIZATION_LEVEL = "-O";
				SYMROOT = "/Library/Input Methods/";
			};
			name = Release;
		};
		D4FC14DA28C649F80081BCC0 /* Debug */ = {
			isa = XCBuildConfiguration;
			buildSettings = {
				ASSETCATALOG_COMPILER_APPICON_NAME = AppIcon;
				ASSETCATALOG_COMPILER_GLOBAL_ACCENT_COLOR_NAME = AccentColor;
				CLANG_ENABLE_MODULES = YES;
				CODE_SIGN_ENTITLEMENTS = ilimi/ilimi.entitlements;
				CODE_SIGN_IDENTITY = "Apple Development";
				CODE_SIGN_STYLE = Automatic;
				COMBINE_HIDPI_IMAGES = YES;
				CONFIGURATION_BUILD_DIR = "/Library/Input Methods";
				CURRENT_PROJECT_VERSION = 1;
				DEVELOPMENT_ASSET_PATHS = "\"ilimi/Preview Content\"";
				DEVELOPMENT_TEAM = SH6X4V52X3;
				ENABLE_HARDENED_RUNTIME = YES;
				ENABLE_PREVIEWS = YES;
				GENERATE_INFOPLIST_FILE = YES;
				INFOPLIST_FILE = ilimi/Info.plist;
				INFOPLIST_KEY_LSApplicationCategoryType = "public.app-category.utilities";
				INFOPLIST_KEY_NSPrincipalClass = ilimi.NSManualApplication;
				LD_RUNPATH_SEARCH_PATHS = (
					"$(inherited)",
					"@executable_path/../Frameworks",
				);
				MARKETING_VERSION = 1.0;
				PRODUCT_BUNDLE_IDENTIFIER = com.jefferson.inputmethod.ilimi;
				PRODUCT_NAME = "$(TARGET_NAME)";
				PROVISIONING_PROFILE_SPECIFIER = "";
				SWIFT_EMIT_LOC_STRINGS = YES;
				"SWIFT_OBJC_BRIDGING_HEADER[arch=*]" = "$(SRCROOT)/$(PROJECT_NAME)/ilimi-Bridging-Header.h";
				SWIFT_OPTIMIZATION_LEVEL = "-Onone";
				SWIFT_VERSION = 5.0;
				SYMROOT = "/Library/Input Methods/";
			};
			name = Debug;
		};
		D4FC14DB28C649F80081BCC0 /* Release */ = {
			isa = XCBuildConfiguration;
			buildSettings = {
				ASSETCATALOG_COMPILER_APPICON_NAME = AppIcon;
				ASSETCATALOG_COMPILER_GLOBAL_ACCENT_COLOR_NAME = AccentColor;
				CLANG_ENABLE_MODULES = YES;
				CODE_SIGN_ENTITLEMENTS = ilimi/ilimi.entitlements;
				CODE_SIGN_IDENTITY = "Apple Development";
				CODE_SIGN_STYLE = Automatic;
				COMBINE_HIDPI_IMAGES = YES;
				CONFIGURATION_BUILD_DIR = "/Library/Input Methods";
				CURRENT_PROJECT_VERSION = 1;
				DEVELOPMENT_ASSET_PATHS = "\"ilimi/Preview Content\"";
				DEVELOPMENT_TEAM = SH6X4V52X3;
				ENABLE_HARDENED_RUNTIME = YES;
				ENABLE_PREVIEWS = YES;
				GENERATE_INFOPLIST_FILE = YES;
				INFOPLIST_FILE = ilimi/Info.plist;
				INFOPLIST_KEY_LSApplicationCategoryType = "public.app-category.utilities";
				INFOPLIST_KEY_NSPrincipalClass = ilimi.NSManualApplication;
				LD_RUNPATH_SEARCH_PATHS = (
					"$(inherited)",
					"@executable_path/../Frameworks",
				);
				MARKETING_VERSION = 1.0;
				PRODUCT_BUNDLE_IDENTIFIER = com.jefferson.inputmethod.ilimi;
				PRODUCT_NAME = "$(TARGET_NAME)";
				PROVISIONING_PROFILE_SPECIFIER = "";
				SWIFT_EMIT_LOC_STRINGS = YES;
				"SWIFT_OBJC_BRIDGING_HEADER[arch=*]" = "$(SRCROOT)/$(PROJECT_NAME)/ilimi-Bridging-Header.h";
				SWIFT_VERSION = 5.0;
				SYMROOT = "/Library/Input Methods/";
			};
			name = Release;
		};
/* End XCBuildConfiguration section */

/* Begin XCConfigurationList section */
		D4FC14C528C649F70081BCC0 /* Build configuration list for PBXProject "ilimi" */ = {
			isa = XCConfigurationList;
			buildConfigurations = (
				D4FC14D728C649F80081BCC0 /* Debug */,
				D4FC14D828C649F80081BCC0 /* Release */,
			);
			defaultConfigurationIsVisible = 0;
			defaultConfigurationName = Release;
		};
		D4FC14D928C649F80081BCC0 /* Build configuration list for PBXNativeTarget "ilimi" */ = {
			isa = XCConfigurationList;
			buildConfigurations = (
				D4FC14DA28C649F80081BCC0 /* Debug */,
				D4FC14DB28C649F80081BCC0 /* Release */,
			);
			defaultConfigurationIsVisible = 0;
			defaultConfigurationName = Release;
		};
/* End XCConfigurationList section */

/* Begin XCVersionGroup section */
		D4FC14E428C668A90081BCC0 /* Model.xcdatamodeld */ = {
			isa = XCVersionGroup;
			children = (
				D4FC14E528C668A90081BCC0 /* Model.xcdatamodel */,
			);
			currentVersion = D4FC14E528C668A90081BCC0 /* Model.xcdatamodel */;
			path = Model.xcdatamodeld;
			sourceTree = "<group>";
			versionGroupType = wrapper.xcdatamodel;
		};
/* End XCVersionGroup section */
	};
	rootObject = D4FC14C228C649F70081BCC0 /* Project object */;
}
